// !$*UTF8*$!
{
	archiveVersion = 1;
	classes = {
	};
	objectVersion = 46;
	objects = {

/* Begin PBXBuildFile section */
		BA43506F1D1B7687004CD5EB /* main.m in Sources */ = {isa = PBXBuildFile; fileRef = BA43506E1D1B7687004CD5EB /* main.m */; };
		BA4350721D1B7687004CD5EB /* AppDelegate.m in Sources */ = {isa = PBXBuildFile; fileRef = BA4350711D1B7687004CD5EB /* AppDelegate.m */; };
		BA4350751D1B7687004CD5EB /* ViewController.m in Sources */ = {isa = PBXBuildFile; fileRef = BA4350741D1B7687004CD5EB /* ViewController.m */; };
		BA4350781D1B7687004CD5EB /* Main.storyboard in Resources */ = {isa = PBXBuildFile; fileRef = BA4350761D1B7687004CD5EB /* Main.storyboard */; };
		BA43507A1D1B7687004CD5EB /* Assets.xcassets in Resources */ = {isa = PBXBuildFile; fileRef = BA4350791D1B7687004CD5EB /* Assets.xcassets */; };
		BA43507D1D1B7687004CD5EB /* LaunchScreen.storyboard in Resources */ = {isa = PBXBuildFile; fileRef = BA43507B1D1B7687004CD5EB /* LaunchScreen.storyboard */; };
		BA4350881D1B7687004CD5EB /* MiMaterialTests.m in Sources */ = {isa = PBXBuildFile; fileRef = BA4350871D1B7687004CD5EB /* MiMaterialTests.m */; };
		BA4350931D1B7687004CD5EB /* MiMaterialUITests.m in Sources */ = {isa = PBXBuildFile; fileRef = BA4350921D1B7687004CD5EB /* MiMaterialUITests.m */; };
		BA4350A61D1B9E68004CD5EB /* NavViewController.m in Sources */ = {isa = PBXBuildFile; fileRef = BA4350A51D1B9E68004CD5EB /* NavViewController.m */; };
/* End PBXBuildFile section */

/* Begin PBXContainerItemProxy section */
		BA4350841D1B7687004CD5EB /* PBXContainerItemProxy */ = {
			isa = PBXContainerItemProxy;
			containerPortal = BA4350621D1B7687004CD5EB /* Project object */;
			proxyType = 1;
			remoteGlobalIDString = BA4350691D1B7687004CD5EB;
			remoteInfo = MiMaterial;
		};
		BA43508F1D1B7687004CD5EB /* PBXContainerItemProxy */ = {
			isa = PBXContainerItemProxy;
			containerPortal = BA4350621D1B7687004CD5EB /* Project object */;
			proxyType = 1;
			remoteGlobalIDString = BA4350691D1B7687004CD5EB;
			remoteInfo = MiMaterial;
		};
/* End PBXContainerItemProxy section */

/* Begin PBXFileReference section */
		BA43506A1D1B7687004CD5EB /* MiMaterial.app */ = {isa = PBXFileReference; explicitFileType = wrapper.application; includeInIndex = 0; path = MiMaterial.app; sourceTree = BUILT_PRODUCTS_DIR; };
		BA43506E1D1B7687004CD5EB /* main.m */ = {isa = PBXFileReference; lastKnownFileType = sourcecode.c.objc; path = main.m; sourceTree = "<group>"; };
		BA4350701D1B7687004CD5EB /* AppDelegate.h */ = {isa = PBXFileReference; lastKnownFileType = sourcecode.c.h; path = AppDelegate.h; sourceTree = "<group>"; };
		BA4350711D1B7687004CD5EB /* AppDelegate.m */ = {isa = PBXFileReference; lastKnownFileType = sourcecode.c.objc; path = AppDelegate.m; sourceTree = "<group>"; };
		BA4350731D1B7687004CD5EB /* ViewController.h */ = {isa = PBXFileReference; lastKnownFileType = sourcecode.c.h; path = ViewController.h; sourceTree = "<group>"; };
		BA4350741D1B7687004CD5EB /* ViewController.m */ = {isa = PBXFileReference; lastKnownFileType = sourcecode.c.objc; path = ViewController.m; sourceTree = "<group>"; };
		BA4350771D1B7687004CD5EB /* Base */ = {isa = PBXFileReference; lastKnownFileType = file.storyboard; name = Base; path = Base.lproj/Main.storyboard; sourceTree = "<group>"; };
		BA4350791D1B7687004CD5EB /* Assets.xcassets */ = {isa = PBXFileReference; lastKnownFileType = folder.assetcatalog; path = Assets.xcassets; sourceTree = "<group>"; };
		BA43507C1D1B7687004CD5EB /* Base */ = {isa = PBXFileReference; lastKnownFileType = file.storyboard; name = Base; path = Base.lproj/LaunchScreen.storyboard; sourceTree = "<group>"; };
		BA43507E1D1B7687004CD5EB /* Info.plist */ = {isa = PBXFileReference; lastKnownFileType = text.plist.xml; path = Info.plist; sourceTree = "<group>"; };
		BA4350831D1B7687004CD5EB /* MiMaterialTests.xctest */ = {isa = PBXFileReference; explicitFileType = wrapper.cfbundle; includeInIndex = 0; path = MiMaterialTests.xctest; sourceTree = BUILT_PRODUCTS_DIR; };
		BA4350871D1B7687004CD5EB /* MiMaterialTests.m */ = {isa = PBXFileReference; lastKnownFileType = sourcecode.c.objc; path = MiMaterialTests.m; sourceTree = "<group>"; };
		BA4350891D1B7687004CD5EB /* Info.plist */ = {isa = PBXFileReference; lastKnownFileType = text.plist.xml; path = Info.plist; sourceTree = "<group>"; };
		BA43508E1D1B7687004CD5EB /* MiMaterialUITests.xctest */ = {isa = PBXFileReference; explicitFileType = wrapper.cfbundle; includeInIndex = 0; path = MiMaterialUITests.xctest; sourceTree = BUILT_PRODUCTS_DIR; };
		BA4350921D1B7687004CD5EB /* MiMaterialUITests.m */ = {isa = PBXFileReference; lastKnownFileType = sourcecode.c.objc; path = MiMaterialUITests.m; sourceTree = "<group>"; };
		BA4350941D1B7687004CD5EB /* Info.plist */ = {isa = PBXFileReference; lastKnownFileType = text.plist.xml; path = Info.plist; sourceTree = "<group>"; };
		BA4350A41D1B9E68004CD5EB /* NavViewController.h */ = {isa = PBXFileReference; fileEncoding = 4; lastKnownFileType = sourcecode.c.h; path = NavViewController.h; sourceTree = "<group>"; };
		BA4350A51D1B9E68004CD5EB /* NavViewController.m */ = {isa = PBXFileReference; fileEncoding = 4; lastKnownFileType = sourcecode.c.objc; path = NavViewController.m; sourceTree = "<group>"; };
		BA4350A91D1BAB3C004CD5EB /* MiMaterial.pch */ = {isa = PBXFileReference; lastKnownFileType = sourcecode.c.h; path = MiMaterial.pch; sourceTree = "<group>"; };
		BA4350AA1D1BACE3004CD5EB /* MiMaterialColor.h */ = {isa = PBXFileReference; lastKnownFileType = sourcecode.c.h; path = MiMaterialColor.h; sourceTree = "<group>"; };
/* End PBXFileReference section */

/* Begin PBXFrameworksBuildPhase section */
		BA4350671D1B7687004CD5EB /* Frameworks */ = {
			isa = PBXFrameworksBuildPhase;
			buildActionMask = 2147483647;
			files = (
			);
			runOnlyForDeploymentPostprocessing = 0;
		};
		BA4350801D1B7687004CD5EB /* Frameworks */ = {
			isa = PBXFrameworksBuildPhase;
			buildActionMask = 2147483647;
			files = (
			);
			runOnlyForDeploymentPostprocessing = 0;
		};
		BA43508B1D1B7687004CD5EB /* Frameworks */ = {
			isa = PBXFrameworksBuildPhase;
			buildActionMask = 2147483647;
			files = (
			);
			runOnlyForDeploymentPostprocessing = 0;
		};
/* End PBXFrameworksBuildPhase section */

/* Begin PBXGroup section */
		BA4350611D1B7687004CD5EB = {
			isa = PBXGroup;
			children = (
				BA43506C1D1B7687004CD5EB /* MiMaterial */,
				BA4350861D1B7687004CD5EB /* MiMaterialTests */,
				BA4350911D1B7687004CD5EB /* MiMaterialUITests */,
				BA43506B1D1B7687004CD5EB /* Products */,
			);
			sourceTree = "<group>";
		};
		BA43506B1D1B7687004CD5EB /* Products */ = {
			isa = PBXGroup;
			children = (
				BA43506A1D1B7687004CD5EB /* MiMaterial.app */,
				BA4350831D1B7687004CD5EB /* MiMaterialTests.xctest */,
				BA43508E1D1B7687004CD5EB /* MiMaterialUITests.xctest */,
			);
			name = Products;
			sourceTree = "<group>";
		};
		BA43506C1D1B7687004CD5EB /* MiMaterial */ = {
			isa = PBXGroup;
			children = (
				BA4350A11D1B8ED2004CD5EB /* Other */,
				BA4350A01D1B8EA8004CD5EB /* Controller */,
				BA43506D1D1B7687004CD5EB /* Supporting Files */,
			);
			path = MiMaterial;
			sourceTree = "<group>";
		};
		BA43506D1D1B7687004CD5EB /* Supporting Files */ = {
			isa = PBXGroup;
			children = (
				BA4350761D1B7687004CD5EB /* Main.storyboard */,
				BA4350A91D1BAB3C004CD5EB /* MiMaterial.pch */,
				BA4350AA1D1BACE3004CD5EB /* MiMaterialColor.h */,
				BA4350791D1B7687004CD5EB /* Assets.xcassets */,
				BA43507B1D1B7687004CD5EB /* LaunchScreen.storyboard */,
				BA43507E1D1B7687004CD5EB /* Info.plist */,
				BA43506E1D1B7687004CD5EB /* main.m */,
			);
			name = "Supporting Files";
			sourceTree = "<group>";
		};
		BA4350861D1B7687004CD5EB /* MiMaterialTests */ = {
			isa = PBXGroup;
			children = (
				BA4350871D1B7687004CD5EB /* MiMaterialTests.m */,
				BA4350891D1B7687004CD5EB /* Info.plist */,
			);
			path = MiMaterialTests;
			sourceTree = "<group>";
		};
		BA4350911D1B7687004CD5EB /* MiMaterialUITests */ = {
			isa = PBXGroup;
			children = (
				BA4350921D1B7687004CD5EB /* MiMaterialUITests.m */,
				BA4350941D1B7687004CD5EB /* Info.plist */,
			);
			path = MiMaterialUITests;
			sourceTree = "<group>";
		};
		BA4350A01D1B8EA8004CD5EB /* Controller */ = {
			isa = PBXGroup;
			children = (
				BA4350A31D1B9E12004CD5EB /* Nav */,
				BA4350731D1B7687004CD5EB /* ViewController.h */,
				BA4350741D1B7687004CD5EB /* ViewController.m */,
			);
			name = Controller;
			sourceTree = "<group>";
		};
		BA4350A11D1B8ED2004CD5EB /* Other */ = {
			isa = PBXGroup;
			children = (
				BA4350701D1B7687004CD5EB /* AppDelegate.h */,
				BA4350711D1B7687004CD5EB /* AppDelegate.m */,
			);
			name = Other;
			sourceTree = "<group>";
		};
		BA4350A31D1B9E12004CD5EB /* Nav */ = {
			isa = PBXGroup;
			children = (
				BA4350A41D1B9E68004CD5EB /* NavViewController.h */,
				BA4350A51D1B9E68004CD5EB /* NavViewController.m */,
			);
			name = Nav;
			sourceTree = "<group>";
		};
/* End PBXGroup section */

/* Begin PBXNativeTarget section */
		BA4350691D1B7687004CD5EB /* MiMaterial */ = {
			isa = PBXNativeTarget;
			buildConfigurationList = BA4350971D1B7687004CD5EB /* Build configuration list for PBXNativeTarget "MiMaterial" */;
			buildPhases = (
				BA4350661D1B7687004CD5EB /* Sources */,
				BA4350671D1B7687004CD5EB /* Frameworks */,
				BA4350681D1B7687004CD5EB /* Resources */,
			);
			buildRules = (
			);
			dependencies = (
			);
			name = MiMaterial;
			productName = MiMaterial;
			productReference = BA43506A1D1B7687004CD5EB /* MiMaterial.app */;
			productType = "com.apple.product-type.application";
		};
		BA4350821D1B7687004CD5EB /* MiMaterialTests */ = {
			isa = PBXNativeTarget;
			buildConfigurationList = BA43509A1D1B7687004CD5EB /* Build configuration list for PBXNativeTarget "MiMaterialTests" */;
			buildPhases = (
				BA43507F1D1B7687004CD5EB /* Sources */,
				BA4350801D1B7687004CD5EB /* Frameworks */,
				BA4350811D1B7687004CD5EB /* Resources */,
			);
			buildRules = (
			);
			dependencies = (
				BA4350851D1B7687004CD5EB /* PBXTargetDependency */,
			);
			name = MiMaterialTests;
			productName = MiMaterialTests;
			productReference = BA4350831D1B7687004CD5EB /* MiMaterialTests.xctest */;
			productType = "com.apple.product-type.bundle.unit-test";
		};
		BA43508D1D1B7687004CD5EB /* MiMaterialUITests */ = {
			isa = PBXNativeTarget;
			buildConfigurationList = BA43509D1D1B7687004CD5EB /* Build configuration list for PBXNativeTarget "MiMaterialUITests" */;
			buildPhases = (
				BA43508A1D1B7687004CD5EB /* Sources */,
				BA43508B1D1B7687004CD5EB /* Frameworks */,
				BA43508C1D1B7687004CD5EB /* Resources */,
			);
			buildRules = (
			);
			dependencies = (
				BA4350901D1B7687004CD5EB /* PBXTargetDependency */,
			);
			name = MiMaterialUITests;
			productName = MiMaterialUITests;
			productReference = BA43508E1D1B7687004CD5EB /* MiMaterialUITests.xctest */;
			productType = "com.apple.product-type.bundle.ui-testing";
		};
/* End PBXNativeTarget section */

/* Begin PBXProject section */
		BA4350621D1B7687004CD5EB /* Project object */ = {
			isa = PBXProject;
			attributes = {
				LastUpgradeCheck = 0730;
				ORGANIZATIONNAME = Henry;
				TargetAttributes = {
					BA4350691D1B7687004CD5EB = {
						CreatedOnToolsVersion = 7.3.1;
					};
					BA4350821D1B7687004CD5EB = {
						CreatedOnToolsVersion = 7.3.1;
						TestTargetID = BA4350691D1B7687004CD5EB;
					};
					BA43508D1D1B7687004CD5EB = {
						CreatedOnToolsVersion = 7.3.1;
						TestTargetID = BA4350691D1B7687004CD5EB;
					};
				};
			};
			buildConfigurationList = BA4350651D1B7687004CD5EB /* Build configuration list for PBXProject "MiMaterial" */;
			compatibilityVersion = "Xcode 3.2";
			developmentRegion = English;
			hasScannedForEncodings = 0;
			knownRegions = (
				en,
				Base,
			);
			mainGroup = BA4350611D1B7687004CD5EB;
			productRefGroup = BA43506B1D1B7687004CD5EB /* Products */;
			projectDirPath = "";
			projectRoot = "";
			targets = (
				BA4350691D1B7687004CD5EB /* MiMaterial */,
				BA4350821D1B7687004CD5EB /* MiMaterialTests */,
				BA43508D1D1B7687004CD5EB /* MiMaterialUITests */,
			);
		};
/* End PBXProject section */

/* Begin PBXResourcesBuildPhase section */
		BA4350681D1B7687004CD5EB /* Resources */ = {
			isa = PBXResourcesBuildPhase;
			buildActionMask = 2147483647;
			files = (
				BA43507D1D1B7687004CD5EB /* LaunchScreen.storyboard in Resources */,
				BA43507A1D1B7687004CD5EB /* Assets.xcassets in Resources */,
				BA4350781D1B7687004CD5EB /* Main.storyboard in Resources */,
			);
			runOnlyForDeploymentPostprocessing = 0;
		};
		BA4350811D1B7687004CD5EB /* Resources */ = {
			isa = PBXResourcesBuildPhase;
			buildActionMask = 2147483647;
			files = (
			);
			runOnlyForDeploymentPostprocessing = 0;
		};
		BA43508C1D1B7687004CD5EB /* Resources */ = {
			isa = PBXResourcesBuildPhase;
			buildActionMask = 2147483647;
			files = (
			);
			runOnlyForDeploymentPostprocessing = 0;
		};
/* End PBXResourcesBuildPhase section */

/* Begin PBXSourcesBuildPhase section */
		BA4350661D1B7687004CD5EB /* Sources */ = {
			isa = PBXSourcesBuildPhase;
			buildActionMask = 2147483647;
			files = (
				BA4350751D1B7687004CD5EB /* ViewController.m in Sources */,
				BA4350721D1B7687004CD5EB /* AppDelegate.m in Sources */,
				BA4350A61D1B9E68004CD5EB /* NavViewController.m in Sources */,
				BA43506F1D1B7687004CD5EB /* main.m in Sources */,
			);
			runOnlyForDeploymentPostprocessing = 0;
		};
		BA43507F1D1B7687004CD5EB /* Sources */ = {
			isa = PBXSourcesBuildPhase;
			buildActionMask = 2147483647;
			files = (
				BA4350881D1B7687004CD5EB /* MiMaterialTests.m in Sources */,
			);
			runOnlyForDeploymentPostprocessing = 0;
		};
		BA43508A1D1B7687004CD5EB /* Sources */ = {
			isa = PBXSourcesBuildPhase;
			buildActionMask = 2147483647;
			files = (
				BA4350931D1B7687004CD5EB /* MiMaterialUITests.m in Sources */,
			);
			runOnlyForDeploymentPostprocessing = 0;
		};
/* End PBXSourcesBuildPhase section */

/* Begin PBXTargetDependency section */
		BA4350851D1B7687004CD5EB /* PBXTargetDependency */ = {
			isa = PBXTargetDependency;
			target = BA4350691D1B7687004CD5EB /* MiMaterial */;
			targetProxy = BA4350841D1B7687004CD5EB /* PBXContainerItemProxy */;
		};
		BA4350901D1B7687004CD5EB /* PBXTargetDependency */ = {
			isa = PBXTargetDependency;
			target = BA4350691D1B7687004CD5EB /* MiMaterial */;
			targetProxy = BA43508F1D1B7687004CD5EB /* PBXContainerItemProxy */;
		};
/* End PBXTargetDependency section */

/* Begin PBXVariantGroup section */
		BA4350761D1B7687004CD5EB /* Main.storyboard */ = {
			isa = PBXVariantGroup;
			children = (
				BA4350771D1B7687004CD5EB /* Base */,
			);
			name = Main.storyboard;
			sourceTree = "<group>";
		};
		BA43507B1D1B7687004CD5EB /* LaunchScreen.storyboard */ = {
			isa = PBXVariantGroup;
			children = (
				BA43507C1D1B7687004CD5EB /* Base */,
			);
			name = LaunchScreen.storyboard;
			sourceTree = "<group>";
		};
/* End PBXVariantGroup section */

/* Begin XCBuildConfiguration section */
		BA4350951D1B7687004CD5EB /* Debug */ = {
			isa = XCBuildConfiguration;
			buildSettings = {
				ALWAYS_SEARCH_USER_PATHS = NO;
				CLANG_ANALYZER_NONNULL = YES;
				CLANG_CXX_LANGUAGE_STANDARD = "gnu++0x";
				CLANG_CXX_LIBRARY = "libc++";
				CLANG_ENABLE_MODULES = YES;
				CLANG_ENABLE_OBJC_ARC = YES;
				CLANG_WARN_BOOL_CONVERSION = YES;
				CLANG_WARN_CONSTANT_CONVERSION = YES;
				CLANG_WARN_DIRECT_OBJC_ISA_USAGE = YES_ERROR;
				CLANG_WARN_EMPTY_BODY = YES;
				CLANG_WARN_ENUM_CONVERSION = YES;
				CLANG_WARN_INT_CONVERSION = YES;
				CLANG_WARN_OBJC_ROOT_CLASS = YES_ERROR;
				CLANG_WARN_UNREACHABLE_CODE = YES;
				CLANG_WARN__DUPLICATE_METHOD_MATCH = YES;
				"CODE_SIGN_IDENTITY[sdk=iphoneos*]" = "iPhone Developer";
				COPY_PHASE_STRIP = NO;
				DEBUG_INFORMATION_FORMAT = dwarf;
				ENABLE_STRICT_OBJC_MSGSEND = YES;
				ENABLE_TESTABILITY = YES;
				GCC_C_LANGUAGE_STANDARD = gnu99;
				GCC_DYNAMIC_NO_PIC = NO;
				GCC_NO_COMMON_BLOCKS = YES;
				GCC_OPTIMIZATION_LEVEL = 0;
				GCC_PREPROCESSOR_DEFINITIONS = (
					"DEBUG=1",
					"$(inherited)",
				);
				GCC_WARN_64_TO_32_BIT_CONVERSION = YES;
				GCC_WARN_ABOUT_RETURN_TYPE = YES_ERROR;
				GCC_WARN_UNDECLARED_SELECTOR = YES;
				GCC_WARN_UNINITIALIZED_AUTOS = YES_AGGRESSIVE;
				GCC_WARN_UNUSED_FUNCTION = YES;
				GCC_WARN_UNUSED_VARIABLE = YES;
				IPHONEOS_DEPLOYMENT_TARGET = 9.3;
				MTL_ENABLE_DEBUG_INFO = YES;
				ONLY_ACTIVE_ARCH = YES;
				SDKROOT = iphoneos;
			};
			name = Debug;
		};
		BA4350961D1B7687004CD5EB /* Release */ = {
			isa = XCBuildConfiguration;
			buildSettings = {
				ALWAYS_SEARCH_USER_PATHS = NO;
				CLANG_ANALYZER_NONNULL = YES;
				CLANG_CXX_LANGUAGE_STANDARD = "gnu++0x";
				CLANG_CXX_LIBRARY = "libc++";
				CLANG_ENABLE_MODULES = YES;
				CLANG_ENABLE_OBJC_ARC = YES;
				CLANG_WARN_BOOL_CONVERSION = YES;
				CLANG_WARN_CONSTANT_CONVERSION = YES;
				CLANG_WARN_DIRECT_OBJC_ISA_USAGE = YES_ERROR;
				CLANG_WARN_EMPTY_BODY = YES;
				CLANG_WARN_ENUM_CONVERSION = YES;
				CLANG_WARN_INT_CONVERSION = YES;
				CLANG_WARN_OBJC_ROOT_CLASS = YES_ERROR;
				CLANG_WARN_UNREACHABLE_CODE = YES;
				CLANG_WARN__DUPLICATE_METHOD_MATCH = YES;
				"CODE_SIGN_IDENTITY[sdk=iphoneos*]" = "iPhone Developer";
				COPY_PHASE_STRIP = NO;
				DEBUG_INFORMATION_FORMAT = "dwarf-with-dsym";
				ENABLE_NS_ASSERTIONS = NO;
				ENABLE_STRICT_OBJC_MSGSEND = YES;
				GCC_C_LANGUAGE_STANDARD = gnu99;
				GCC_NO_COMMON_BLOCKS = YES;
				GCC_WARN_64_TO_32_BIT_CONVERSION = YES;
				GCC_WARN_ABOUT_RETURN_TYPE = YES_ERROR;
				GCC_WARN_UNDECLARED_SELECTOR = YES;
				GCC_WARN_UNINITIALIZED_AUTOS = YES_AGGRESSIVE;
				GCC_WARN_UNUSED_FUNCTION = YES;
				GCC_WARN_UNUSED_VARIABLE = YES;
				IPHONEOS_DEPLOYMENT_TARGET = 9.3;
				MTL_ENABLE_DEBUG_INFO = NO;
				SDKROOT = iphoneos;
				VALIDATE_PRODUCT = YES;
			};
			name = Release;
		};
		BA4350981D1B7687004CD5EB /* Debug */ = {
			isa = XCBuildConfiguration;
			buildSettings = {
				ASSETCATALOG_COMPILER_APPICON_NAME = AppIcon;
				GCC_PREFIX_HEADER = "$(SRCROOT)/MiMaterial/MiMaterial.pch";
				INFOPLIST_FILE = MiMaterial/Info.plist;
				LD_RUNPATH_SEARCH_PATHS = "$(inherited) @executable_path/Frameworks";
				PRODUCT_BUNDLE_IDENTIFIER = com.emi365.MiMaterial;
				PRODUCT_NAME = "$(TARGET_NAME)";
			};
			name = Debug;
		};
		BA4350991D1B7687004CD5EB /* Release */ = {
			isa = XCBuildConfiguration;
			buildSettings = {
				ASSETCATALOG_COMPILER_APPICON_NAME = AppIcon;
				GCC_PREFIX_HEADER = "$(SRCROOT)/MiMaterial/MiMaterial.pch";
				INFOPLIST_FILE = MiMaterial/Info.plist;
				LD_RUNPATH_SEARCH_PATHS = "$(inherited) @executable_path/Frameworks";
				PRODUCT_BUNDLE_IDENTIFIER = com.emi365.MiMaterial;
				PRODUCT_NAME = "$(TARGET_NAME)";
			};
			name = Release;
		};
		BA43509B1D1B7687004CD5EB /* Debug */ = {
			isa = XCBuildConfiguration;
			buildSettings = {
				BUNDLE_LOADER = "$(TEST_HOST)";
				INFOPLIST_FILE = MiMaterialTests/Info.plist;
				LD_RUNPATH_SEARCH_PATHS = "$(inherited) @executable_path/Frameworks @loader_path/Frameworks";
				PRODUCT_BUNDLE_IDENTIFIER = com.emi365.MiMaterialTests;
				PRODUCT_NAME = "$(TARGET_NAME)";
				TEST_HOST = "$(BUILT_PRODUCTS_DIR)/MiMaterial.app/MiMaterial";
			};
			name = Debug;
		};
		BA43509C1D1B7687004CD5EB /* Release */ = {
			isa = XCBuildConfiguration;
			buildSettings = {
				BUNDLE_LOADER = "$(TEST_HOST)";
				INFOPLIST_FILE = MiMaterialTests/Info.plist;
				LD_RUNPATH_SEARCH_PATHS = "$(inherited) @executable_path/Frameworks @loader_path/Frameworks";
				PRODUCT_BUNDLE_IDENTIFIER = com.emi365.MiMaterialTests;
				PRODUCT_NAME = "$(TARGET_NAME)";
				TEST_HOST = "$(BUILT_PRODUCTS_DIR)/MiMaterial.app/MiMaterial";
			};
			name = Release;
		};
		BA43509E1D1B7687004CD5EB /* Debug */ = {
			isa = XCBuildConfiguration;
			buildSettings = {
				INFOPLIST_FILE = MiMaterialUITests/Info.plist;
				LD_RUNPATH_SEARCH_PATHS = "$(inherited) @executable_path/Frameworks @loader_path/Frameworks";
				PRODUCT_BUNDLE_IDENTIFIER = com.emi365.MiMaterialUITests;
				PRODUCT_NAME = "$(TARGET_NAME)";
				TEST_TARGET_NAME = MiMaterial;
			};
			name = Debug;
		};
		BA43509F1D1B7687004CD5EB /* Release */ = {
			isa = XCBuildConfiguration;
			buildSettings = {
				INFOPLIST_FILE = MiMaterialUITests/Info.plist;
				LD_RUNPATH_SEARCH_PATHS = "$(inherited) @executable_path/Frameworks @loader_path/Frameworks";
				PRODUCT_BUNDLE_IDENTIFIER = com.emi365.MiMaterialUITests;
				PRODUCT_NAME = "$(TARGET_NAME)";
				TEST_TARGET_NAME = MiMaterial;
			};
			name = Release;
		};
/* End XCBuildConfiguration section */

/* Begin XCConfigurationList section */
		BA4350651D1B7687004CD5EB /* Build configuration list for PBXProject "MiMaterial" */ = {
			isa = XCConfigurationList;
			buildConfigurations = (
				BA4350951D1B7687004CD5EB /* Debug */,
				BA4350961D1B7687004CD5EB /* Release */,
			);
			defaultConfigurationIsVisible = 0;
			defaultConfigurationName = Release;
		};
		BA4350971D1B7687004CD5EB /* Build configuration list for PBXNativeTarget "MiMaterial" */ = {
			isa = XCConfigurationList;
			buildConfigurations = (
				BA4350981D1B7687004CD5EB /* Debug */,
				BA4350991D1B7687004CD5EB /* Release */,
			);
			defaultConfigurationIsVisible = 0;
		};
		BA43509A1D1B7687004CD5EB /* Build configuration list for PBXNativeTarget "MiMaterialTests" */ = {
			isa = XCConfigurationList;
			buildConfigurations = (
				BA43509B1D1B7687004CD5EB /* Debug */,
				BA43509C1D1B7687004CD5EB /* Release */,
			);
			defaultConfigurationIsVisible = 0;
		};
		BA43509D1D1B7687004CD5EB /* Build configuration list for PBXNativeTarget "MiMaterialUITests" */ = {
			isa = XCConfigurationList;
			buildConfigurations = (
				BA43509E1D1B7687004CD5EB /* Debug */,
				BA43509F1D1B7687004CD5EB /* Release */,
			);
			defaultConfigurationIsVisible = 0;
		};
/* End XCConfigurationList section */
	};
	rootObject = BA4350621D1B7687004CD5EB /* Project object */;
}
